
Microsoft Visual Studio Solution File, Format Version 12.00
# Visual Studio Version 17
VisualStudioVersion = 17.13.35919.96 d17.13
MinimumVisualStudioVersion = 10.0.40219.1
Project("{FAE04EC0-301F-11D3-BF4B-00C04F79EFBC}") = "Paralell-Image-Processing", "Paralell-Image-Processing.csproj", "{30C67F3F-C0CE-46ED-B5B1-51192588BE9A}"
EndProject
Global
	GlobalSection(SolutionConfigurationPlatforms) = preSolution
		Debug|Any CPU = Debug|Any CPU
		Release|Any CPU = Release|Any CPU
	EndGlobalSection
	GlobalSection(ProjectConfigurationPlatforms) = postSolution
		{30C67F3F-C0CE-46ED-B5B1-51192588BE9A}.Debug|Any CPU.ActiveCfg = Debug|Any CPU
		{30C67F3F-C0CE-46ED-B5B1-51192588BE9A}.Debug|Any CPU.Build.0 = Debug|Any CPU
		{30C67F3F-C0CE-46ED-B5B1-51192588BE9A}.Release|Any CPU.ActiveCfg = Release|Any CPU
		{30C67F3F-C0CE-46ED-B5B1-51192588BE9A}.Release|Any CPU.Build.0 = Release|Any CPU
	EndGlobalSection
	GlobalSection(SolutionProperties) = preSolution
		HideSolutionNode = FALSE
	EndGlobalSection
	GlobalSection(ExtensibilityGlobals) = postSolution
		SolutionGuid = {BFD4DB7F-D43E-48D7-BCFF-0A23D415F887}
	EndGlobalSection
EndGlobal
